
Microsoft Visual Studio Solution File, Format Version 12.00
# Visual Studio Version 17
VisualStudioVersion = 17.10.35013.160
MinimumVisualStudioVersion = 10.0.40219.1
Project("{FAE04EC0-301F-11D3-BF4B-00C04F79EFBC}") = "LANraragi-Plus", "LANraragi-Plus\LANraragi-Plus.csproj", "{D541F71E-1C0B-48C9-92EB-03DB9B7FA9B1}"
EndProject
Global
	GlobalSection(SolutionConfigurationPlatforms) = preSolution
		Debug|Any CPU = Debug|Any CPU
		Release|Any CPU = Release|Any CPU
	EndGlobalSection
	GlobalSection(ProjectConfigurationPlatforms) = postSolution
		{D541F71E-1C0B-48C9-92EB-03DB9B7FA9B1}.Debug|Any CPU.ActiveCfg = Debug|Any CPU
		{D541F71E-1C0B-48C9-92EB-03DB9B7FA9B1}.Debug|Any CPU.Build.0 = Debug|Any CPU
		{D541F71E-1C0B-48C9-92EB-03DB9B7FA9B1}.Release|Any CPU.ActiveCfg = Release|Any CPU
		{D541F71E-1C0B-48C9-92EB-03DB9B7FA9B1}.Release|Any CPU.Build.0 = Release|Any CPU
	EndGlobalSection
	GlobalSection(SolutionProperties) = preSolution
		HideSolutionNode = FALSE
	EndGlobalSection
	GlobalSection(ExtensibilityGlobals) = postSolution
		SolutionGuid = {B9D20E48-AFB3-42A1-9B10-E626463A5834}
	EndGlobalSection
EndGlobal
